
Microsoft Visual Studio Solution File, Format Version 12.00
# Visual Studio Version 16
VisualStudioVersion = 16.0.30428.66
MinimumVisualStudioVersion = 10.0.40219.1
Project("{9A19103F-16F7-4668-BE54-9A1E7A4F7556}") = "HistoryAPI", "WebApplication8\HistoryAPI.csproj", "{3D05D44D-F7C9-426A-924B-6F4DEAFB59A8}"
EndProject
Global
	GlobalSection(SolutionConfigurationPlatforms) = preSolution
		Debug|Any CPU = Debug|Any CPU
		Release|Any CPU = Release|Any CPU
	EndGlobalSection
	GlobalSection(ProjectConfigurationPlatforms) = postSolution
		{3D05D44D-F7C9-426A-924B-6F4DEAFB59A8}.Debug|Any CPU.ActiveCfg = Debug|Any CPU
		{3D05D44D-F7C9-426A-924B-6F4DEAFB59A8}.Debug|Any CPU.Build.0 = Debug|Any CPU
		{3D05D44D-F7C9-426A-924B-6F4DEAFB59A8}.Release|Any CPU.ActiveCfg = Release|Any CPU
		{3D05D44D-F7C9-426A-924B-6F4DEAFB59A8}.Release|Any CPU.Build.0 = Release|Any CPU
	EndGlobalSection
	GlobalSection(SolutionProperties) = preSolution
		HideSolutionNode = FALSE
	EndGlobalSection
	GlobalSection(ExtensibilityGlobals) = postSolution
		SolutionGuid = {F6CFF914-5720-432D-9875-6F487726B761}
	EndGlobalSection
EndGlobal
